PODS:
  - CTMediator (46)
  - FBSnapshotTestCase (2.1.4):
    - FBSnapshotTestCase/SwiftSupport (= 2.1.4)
  - FBSnapshotTestCase/Core (2.1.4)
  - FBSnapshotTestCase/SwiftSupport (2.1.4):
    - FBSnapshotTestCase/Core
  - scrolltab_Category (0.1.0):
    - CTMediator

DEPENDENCIES:
  - CTMediator
  - FBSnapshotTestCase
  - scrolltab_Category (from `../`)

SPEC REPOS:
  trunk:
    - CTMediator
    - FBSnapshotTestCase

EXTERNAL SOURCES:
  scrolltab_Category:
    :path: "../"

SPEC CHECKSUMS:
  CTMediator: f1cf58d509fb3192086c367711f039efd769b907
  FBSnapshotTestCase: 094f9f314decbabe373b87cc339bea235a63e07a
  scrolltab_Category: 1fea66f507f94192f178abdb7fade8392f4df9ad

PODFILE CHECKSUM: 03757abaef5684a12a5c40acca32dcbb6fbf9ed2

COCOAPODS: 1.10.1
